
Microsoft Visual Studio Solution File, Format Version 12.00
# Visual Studio 15
VisualStudioVersion = 15.0.26730.15
MinimumVisualStudioVersion = 10.0.40219.1
Project("{9A19103F-16F7-4668-BE54-9A1E7A4F7556}") = "task-person", "task-person.csproj", "{B529CC6B-4C35-4344-834D-3400ACB0C044}"
EndProject
Global
	GlobalSection(SolutionConfigurationPlatforms) = preSolution
		Debug|Any CPU = Debug|Any CPU
		Release|Any CPU = Release|Any CPU
	EndGlobalSection
	GlobalSection(ProjectConfigurationPlatforms) = postSolution
		{B529CC6B-4C35-4344-834D-3400ACB0C044}.Debug|Any CPU.ActiveCfg = Debug|Any CPU
		{B529CC6B-4C35-4344-834D-3400ACB0C044}.Debug|Any CPU.Build.0 = Debug|Any CPU
		{B529CC6B-4C35-4344-834D-3400ACB0C044}.Release|Any CPU.ActiveCfg = Release|Any CPU
		{B529CC6B-4C35-4344-834D-3400ACB0C044}.Release|Any CPU.Build.0 = Release|Any CPU
	EndGlobalSection
	GlobalSection(SolutionProperties) = preSolution
		HideSolutionNode = FALSE
	EndGlobalSection
	GlobalSection(ExtensibilityGlobals) = postSolution
		SolutionGuid = {540537E9-3A56-45F3-92BE-288AE09C887C}
	EndGlobalSection
EndGlobal
